# This file is automatically @generated by Cargo.
# It is not intended for manual editing.
version = 4

[[package]]
name = "bitflags"
version = "2.11.0"
source = "registry+https://github.com/rust-lang/crates.io-index"
checksum = "843867be96c8daad0d758b57df9392b6d8d271134fce549de6ce169ff98a92af"

[[package]]
name = "linked_list_allocator"
version = "0.10.5"
source = "registry+https://github.com/rust-lang/crates.io-index"
checksum = "9afa463f5405ee81cdb9cc2baf37e08ec7e4c8209442b5d72c04cfb2cd6e6286"

[[package]]
name = "robot_os_ahrs"
version = "0.1.0"
dependencies = [
 "robot_os_baro",
 "robot_os_channel",
 "robot_os_drivers",
 "robot_os_gps",
 "robot_os_imu",
]

[[package]]
name = "robot_os_arch"
version = "0.1.0"
dependencies = [
 "bitflags",
 "robot_os_common",
]

[[package]]
name = "robot_os_baro"
version = "0.1.0"
dependencies = [
 "robot_os_drivers",
 "robot_os_sync",
]

[[package]]
name = "robot_os_behavior"
version = "0.1.0"
dependencies = [
 "robot_os_drivers",
 "robot_os_sync",
]

[[package]]
name = "robot_os_camera"
version = "0.1.0"
dependencies = [
 "robot_os_arch",
 "robot_os_drivers",
]

[[package]]
name = "robot_os_channel"
version = "0.1.0"
dependencies = [
 "robot_os_sync",
]

[[package]]
name = "robot_os_common"
version = "0.1.0"

[[package]]
name = "robot_os_config"
version = "0.1.0"

[[package]]
name = "robot_os_drivers"
version = "0.1.0"
dependencies = [
 "robot_os_arch",
 "robot_os_common",
 "robot_os_mm",
 "robot_os_sync",
]

[[package]]
name = "robot_os_dtb"
version = "0.1.0"

[[package]]
name = "robot_os_flight"
version = "0.1.0"
dependencies = [
 "robot_os_ahrs",
 "robot_os_channel",
 "robot_os_drivers",
 "robot_os_gps",
]

[[package]]
name = "robot_os_fs"
version = "0.1.0"
dependencies = [
 "robot_os_common",
 "robot_os_drivers",
 "robot_os_mm",
 "robot_os_sync",
]

[[package]]
name = "robot_os_gps"
version = "0.1.0"
dependencies = [
 "robot_os_channel",
 "robot_os_drivers",
]

[[package]]
name = "robot_os_imu"
version = "0.1.0"
dependencies = [
 "robot_os_config",
 "robot_os_drivers",
]

[[package]]
name = "robot_os_ipc"
version = "0.1.0"
dependencies = [
 "robot_os_arch",
 "robot_os_common",
 "robot_os_drivers",
 "robot_os_mm",
 "robot_os_sched",
 "robot_os_sync",
]

[[package]]
name = "robot_os_kernel"
version = "0.1.0"
dependencies = [
 "robot_os_ahrs",
 "robot_os_arch",
 "robot_os_baro",
 "robot_os_behavior",
 "robot_os_camera",
 "robot_os_common",
 "robot_os_config",
 "robot_os_drivers",
 "robot_os_dtb",
 "robot_os_flight",
 "robot_os_fs",
 "robot_os_gps",
 "robot_os_imu",
 "robot_os_ipc",
 "robot_os_ml",
 "robot_os_mm",
 "robot_os_nav",
 "robot_os_net",
 "robot_os_ota",
 "robot_os_robot",
 "robot_os_sched",
 "robot_os_service",
 "robot_os_shell",
 "robot_os_sync",
 "robot_os_syscall",
 "robot_os_telemetry",
]

[[package]]
name = "robot_os_libsys"
version = "0.1.0"

[[package]]
name = "robot_os_ml"
version = "0.1.0"
dependencies = [
 "robot_os_arch",
]

[[package]]
name = "robot_os_mm"
version = "0.1.0"
dependencies = [
 "linked_list_allocator",
 "robot_os_arch",
 "robot_os_common",
 "robot_os_sync",
]

[[package]]
name = "robot_os_nav"
version = "0.1.0"
dependencies = [
 "robot_os_channel",
 "robot_os_drivers",
 "robot_os_flight",
 "robot_os_gps",
]

[[package]]
name = "robot_os_net"
version = "0.1.0"
dependencies = [
 "robot_os_common",
 "robot_os_drivers",
 "robot_os_sync",
]

[[package]]
name = "robot_os_ota"
version = "0.1.0"
dependencies = [
 "robot_os_config",
 "robot_os_drivers",
 "robot_os_fs",
]

[[package]]
name = "robot_os_robot"
version = "0.1.0"
dependencies = [
 "robot_os_channel",
 "robot_os_common",
 "robot_os_drivers",
 "robot_os_sync",
]

[[package]]
name = "robot_os_sched"
version = "0.1.0"
dependencies = [
 "robot_os_arch",
 "robot_os_common",
 "robot_os_mm",
 "robot_os_sync",
]

[[package]]
name = "robot_os_service"
version = "0.1.0"
dependencies = [
 "robot_os_common",
 "robot_os_ipc",
 "robot_os_sched",
 "robot_os_sync",
]

[[package]]
name = "robot_os_shell"
version = "0.1.0"
dependencies = [
 "robot_os_ahrs",
 "robot_os_arch",
 "robot_os_baro",
 "robot_os_behavior",
 "robot_os_camera",
 "robot_os_common",
 "robot_os_config",
 "robot_os_drivers",
 "robot_os_flight",
 "robot_os_fs",
 "robot_os_gps",
 "robot_os_imu",
 "robot_os_ml",
 "robot_os_mm",
 "robot_os_nav",
 "robot_os_net",
 "robot_os_ota",
 "robot_os_robot",
 "robot_os_sched",
 "robot_os_telemetry",
]

[[package]]
name = "robot_os_sync"
version = "0.1.0"
dependencies = [
 "robot_os_arch",
 "robot_os_common",
]

[[package]]
name = "robot_os_syscall"
version = "0.1.0"
dependencies = [
 "robot_os_arch",
 "robot_os_common",
 "robot_os_drivers",
 "robot_os_fs",
 "robot_os_gps",
 "robot_os_imu",
 "robot_os_ipc",
 "robot_os_mm",
 "robot_os_net",
 "robot_os_robot",
 "robot_os_sched",
 "robot_os_service",
 "robot_os_sync",
]

[[package]]
name = "robot_os_telemetry"
version = "0.1.0"
dependencies = [
 "robot_os_ahrs",
 "robot_os_channel",
 "robot_os_drivers",
 "robot_os_gps",
 "robot_os_imu",
 "robot_os_net",
]
