# This file is automatically @generated by Cargo.
# It is not intended for manual editing.
version = 4

[[package]]
name = "robot_os_abi"
version = "1.0.0"

[[package]]
name = "robot_os_drivers_api"
version = "0.1.0"
dependencies = [
 "robot_os_abi",
]

[[package]]
name = "robot_os_drivers_api_tests"
version = "0.1.0"
dependencies = [
 "robot_os_abi",
 "robot_os_drivers_api",
]
