# This file is automatically @generated by Cargo.
# It is not intended for manual editing.
version = 4

[[package]]
name = "aarch64_hello"
version = "0.1.0"
dependencies = [
 "robot_os_arch_aarch64",
 "robot_os_arch_api",
]

[[package]]
name = "bitflags"
version = "2.11.1"
source = "registry+https://github.com/rust-lang/crates.io-index"
checksum = "c4512299f36f043ab09a583e57bceb5a5aab7a73db1805848e8fef3c9e8c78b3"

[[package]]
name = "robot_os_arch_aarch64"
version = "0.1.0"
dependencies = [
 "bitflags",
 "robot_os_arch_api",
]

[[package]]
name = "robot_os_arch_api"
version = "0.1.0"
